
Microsoft Visual Studio Solution File, Format Version 12.00
# Visual Studio Version 17
VisualStudioVersion = 17.10.35004.147
MinimumVisualStudioVersion = 10.0.40219.1
Project("{FAE04EC0-301F-11D3-BF4B-00C04F79EFBC}") = "LibraryManagementSystem", "LibraryManagementSystem.csproj", "{2C605753-2C2F-47F7-888D-56E273BA440C}"
EndProject
Global
	GlobalSection(SolutionConfigurationPlatforms) = preSolution
		Debug|Any CPU = Debug|Any CPU
		Release|Any CPU = Release|Any CPU
	EndGlobalSection
	GlobalSection(ProjectConfigurationPlatforms) = postSolution
		{2C605753-2C2F-47F7-888D-56E273BA440C}.Debug|Any CPU.ActiveCfg = Debug|Any CPU
		{2C605753-2C2F-47F7-888D-56E273BA440C}.Debug|Any CPU.Build.0 = Debug|Any CPU
		{2C605753-2C2F-47F7-888D-56E273BA440C}.Release|Any CPU.ActiveCfg = Release|Any CPU
		{2C605753-2C2F-47F7-888D-56E273BA440C}.Release|Any CPU.Build.0 = Release|Any CPU
	EndGlobalSection
	GlobalSection(SolutionProperties) = preSolution
		HideSolutionNode = FALSE
	EndGlobalSection
	GlobalSection(ExtensibilityGlobals) = postSolution
		SolutionGuid = {1698D528-64DB-443F-AA2B-9F759AA4F18D}
	EndGlobalSection
EndGlobal
